
Microsoft Visual Studio Solution File, Format Version 12.00
# Visual Studio Version 18
VisualStudioVersion = 18.6.11822.322
MinimumVisualStudioVersion = 10.0.40219.1
Project("{FAE04EC0-301F-11D3-BF4B-00C04F79EFBC}") = "Countries", "Countries.csproj", "{68E75640-6DBB-3240-269A-AD808FB070F7}"
EndProject
Project("{FAE04EC0-301F-11D3-BF4B-00C04F79EFBC}") = "Countries.Tests", "Countries.Tests\Countries.Tests.csproj", "{CEEE2298-DB8C-4FEC-9856-A897AB23CF18}"
EndProject
Global
	GlobalSection(SolutionConfigurationPlatforms) = preSolution
		Debug|Any CPU = Debug|Any CPU
		Debug|x64 = Debug|x64
		Debug|x86 = Debug|x86
		Release|Any CPU = Release|Any CPU
		Release|x64 = Release|x64
		Release|x86 = Release|x86
	EndGlobalSection
	GlobalSection(ProjectConfigurationPlatforms) = postSolution
		{68E75640-6DBB-3240-269A-AD808FB070F7}.Debug|Any CPU.ActiveCfg = Debug|Any CPU
		{68E75640-6DBB-3240-269A-AD808FB070F7}.Debug|Any CPU.Build.0 = Debug|Any CPU
		{68E75640-6DBB-3240-269A-AD808FB070F7}.Debug|x64.ActiveCfg = Debug|Any CPU
		{68E75640-6DBB-3240-269A-AD808FB070F7}.Debug|x64.Build.0 = Debug|Any CPU
		{68E75640-6DBB-3240-269A-AD808FB070F7}.Debug|x86.ActiveCfg = Debug|Any CPU
		{68E75640-6DBB-3240-269A-AD808FB070F7}.Debug|x86.Build.0 = Debug|Any CPU
		{68E75640-6DBB-3240-269A-AD808FB070F7}.Release|Any CPU.ActiveCfg = Release|Any CPU
		{68E75640-6DBB-3240-269A-AD808FB070F7}.Release|Any CPU.Build.0 = Release|Any CPU
		{68E75640-6DBB-3240-269A-AD808FB070F7}.Release|x64.ActiveCfg = Release|Any CPU
		{68E75640-6DBB-3240-269A-AD808FB070F7}.Release|x64.Build.0 = Release|Any CPU
		{68E75640-6DBB-3240-269A-AD808FB070F7}.Release|x86.ActiveCfg = Release|Any CPU
		{68E75640-6DBB-3240-269A-AD808FB070F7}.Release|x86.Build.0 = Release|Any CPU
		{CEEE2298-DB8C-4FEC-9856-A897AB23CF18}.Debug|Any CPU.ActiveCfg = Debug|Any CPU
		{CEEE2298-DB8C-4FEC-9856-A897AB23CF18}.Debug|Any CPU.Build.0 = Debug|Any CPU
		{CEEE2298-DB8C-4FEC-9856-A897AB23CF18}.Debug|x64.ActiveCfg = Debug|Any CPU
		{CEEE2298-DB8C-4FEC-9856-A897AB23CF18}.Debug|x64.Build.0 = Debug|Any CPU
		{CEEE2298-DB8C-4FEC-9856-A897AB23CF18}.Debug|x86.ActiveCfg = Debug|Any CPU
		{CEEE2298-DB8C-4FEC-9856-A897AB23CF18}.Debug|x86.Build.0 = Debug|Any CPU
		{CEEE2298-DB8C-4FEC-9856-A897AB23CF18}.Release|Any CPU.ActiveCfg = Release|Any CPU
		{CEEE2298-DB8C-4FEC-9856-A897AB23CF18}.Release|Any CPU.Build.0 = Release|Any CPU
		{CEEE2298-DB8C-4FEC-9856-A897AB23CF18}.Release|x64.ActiveCfg = Release|Any CPU
		{CEEE2298-DB8C-4FEC-9856-A897AB23CF18}.Release|x64.Build.0 = Release|Any CPU
		{CEEE2298-DB8C-4FEC-9856-A897AB23CF18}.Release|x86.ActiveCfg = Release|Any CPU
		{CEEE2298-DB8C-4FEC-9856-A897AB23CF18}.Release|x86.Build.0 = Release|Any CPU
	EndGlobalSection
	GlobalSection(SolutionProperties) = preSolution
		HideSolutionNode = FALSE
	EndGlobalSection
	GlobalSection(ExtensibilityGlobals) = postSolution
		SolutionGuid = {9C57F62E-6B7C-406A-B6D8-D7EA6B3A21A2}
	EndGlobalSection
EndGlobal
